
Microsoft Visual Studio Solution File, Format Version 12.00
# Visual Studio Version 16
VisualStudioVersion = 16.0.30621.155
MinimumVisualStudioVersion = 10.0.40219.1
Project("{FAE04EC0-301F-11D3-BF4B-00C04F79EFBC}") = "WebSoftware_WINFORM", "WebSoftware_WINFORM\WebSoftware_WINFORM.csproj", "{95D49635-8447-48E9-ACB1-CEAA8E264660}"
EndProject
Global
	GlobalSection(SolutionConfigurationPlatforms) = preSolution
		Debug|Any CPU = Debug|Any CPU
		Release|Any CPU = Release|Any CPU
	EndGlobalSection
	GlobalSection(ProjectConfigurationPlatforms) = postSolution
		{95D49635-8447-48E9-ACB1-CEAA8E264660}.Debug|Any CPU.ActiveCfg = Debug|Any CPU
		{95D49635-8447-48E9-ACB1-CEAA8E264660}.Debug|Any CPU.Build.0 = Debug|Any CPU
		{95D49635-8447-48E9-ACB1-CEAA8E264660}.Release|Any CPU.ActiveCfg = Release|Any CPU
		{95D49635-8447-48E9-ACB1-CEAA8E264660}.Release|Any CPU.Build.0 = Release|Any CPU
	EndGlobalSection
	GlobalSection(SolutionProperties) = preSolution
		HideSolutionNode = FALSE
	EndGlobalSection
	GlobalSection(ExtensibilityGlobals) = postSolution
		SolutionGuid = {3AE5D719-A494-4602-B2B9-C1464E911F2F}
	EndGlobalSection
EndGlobal
